
Microsoft Visual Studio Solution File, Format Version 12.00
# Visual Studio 2013
VisualStudioVersion = 12.0.30501.0
MinimumVisualStudioVersion = 10.0.40219.1
Project("{FAE04EC0-301F-11D3-BF4B-00C04F79EFBC}") = "FlatingArrayTest", "FlatingArrayTest\FlatingArrayTest.csproj", "{9FEC66BF-3C5D-4901-A483-F582E4091F8D}"
EndProject
Project("{FAE04EC0-301F-11D3-BF4B-00C04F79EFBC}") = "FlatingArray", "FlatingArray\FlatingArray.csproj", "{446FBD90-C8B5-4E6D-8FEA-98A863835AB4}"
EndProject
Global
	GlobalSection(SolutionConfigurationPlatforms) = preSolution
		Debug|Any CPU = Debug|Any CPU
		Release|Any CPU = Release|Any CPU
	EndGlobalSection
	GlobalSection(ProjectConfigurationPlatforms) = postSolution
		{9FEC66BF-3C5D-4901-A483-F582E4091F8D}.Debug|Any CPU.ActiveCfg = Debug|Any CPU
		{9FEC66BF-3C5D-4901-A483-F582E4091F8D}.Debug|Any CPU.Build.0 = Debug|Any CPU
		{9FEC66BF-3C5D-4901-A483-F582E4091F8D}.Release|Any CPU.ActiveCfg = Release|Any CPU
		{9FEC66BF-3C5D-4901-A483-F582E4091F8D}.Release|Any CPU.Build.0 = Release|Any CPU
		{446FBD90-C8B5-4E6D-8FEA-98A863835AB4}.Debug|Any CPU.ActiveCfg = Debug|Any CPU
		{446FBD90-C8B5-4E6D-8FEA-98A863835AB4}.Debug|Any CPU.Build.0 = Debug|Any CPU
		{446FBD90-C8B5-4E6D-8FEA-98A863835AB4}.Release|Any CPU.ActiveCfg = Release|Any CPU
		{446FBD90-C8B5-4E6D-8FEA-98A863835AB4}.Release|Any CPU.Build.0 = Release|Any CPU
	EndGlobalSection
	GlobalSection(SolutionProperties) = preSolution
		HideSolutionNode = FALSE
	EndGlobalSection
EndGlobal
